// !$*UTF8*$!
{
	archiveVersion = 1;
	classes = {
	};
	objectVersion = 60;
	objects = {

/* Begin PBXBuildFile section */
		ED2A97DA2C52F51E00FFF19F /* AppDelegate.swift in Sources */ = {isa = PBXBuildFile; fileRef = ED2A97D92C52F51E00FFF19F /* AppDelegate.swift */; };
		ED2A97DC2C52F51E00FFF19F /* SceneDelegate.swift in Sources */ = {isa = PBXBuildFile; fileRef = ED2A97DB2C52F51E00FFF19F /* SceneDelegate.swift */; };
		ED2A97DE2C52F51E00FFF19F /* PhotosListViewController.swift in Sources */ = {isa = PBXBuildFile; fileRef = ED2A97DD2C52F51E00FFF19F /* PhotosListViewController.swift */; };
		ED2A97E12C52F51E00FFF19F /* Base in Resources */ = {isa = PBXBuildFile; fileRef = ED2A97E02C52F51E00FFF19F /* Base */; };
		ED2A97E32C52F51F00FFF19F /* Assets.xcassets in Resources */ = {isa = PBXBuildFile; fileRef = ED2A97E22C52F51F00FFF19F /* Assets.xcassets */; };
		ED2A97E62C52F51F00FFF19F /* Base in Resources */ = {isa = PBXBuildFile; fileRef = ED2A97E52C52F51F00FFF19F /* Base */; };
		ED2A980D2C52F7A100FFF19F /* PhotoCell.xib in Resources */ = {isa = PBXBuildFile; fileRef = ED2A980C2C52F7A100FFF19F /* PhotoCell.xib */; };
		ED2A980F2C52F90600FFF19F /* PhotoCell.swift in Sources */ = {isa = PBXBuildFile; fileRef = ED2A980E2C52F90600FFF19F /* PhotoCell.swift */; };
		ED2A98692C58370000FFF19F /* SDWebImage in Frameworks */ = {isa = PBXBuildFile; productRef = ED2A98682C58370000FFF19F /* SDWebImage */; };
		ED2A986B2C583D5D00FFF19F /* PhotoDetailViewController.swift in Sources */ = {isa = PBXBuildFile; fileRef = ED2A986A2C583D5D00FFF19F /* PhotoDetailViewController.swift */; };
		ED2A986D2C583D7800FFF19F /* PhotoDetail.storyboard in Resources */ = {isa = PBXBuildFile; fileRef = ED2A986C2C583D7800FFF19F /* PhotoDetail.storyboard */; };
		ED8293412E6A0075000E8016 /* AppDelegate+Support.swift in Sources */ = {isa = PBXBuildFile; fileRef = ED8293402E6A0075000E8016 /* AppDelegate+Support.swift */; };
		ED8AC36C2E4EA1DC0045AA9D /* PexelDomain in Frameworks */ = {isa = PBXBuildFile; productRef = ED8AC36B2E4EA1DC0045AA9D /* PexelDomain */; };
		EDE5A46E2C5955DA00D32FBC /* ShadowView.swift in Sources */ = {isa = PBXBuildFile; fileRef = EDE5A46D2C5955DA00D32FBC /* ShadowView.swift */; };
		EDF0704B2E45772A00355AF2 /* AppDelegate+SDWebImage.swift in Sources */ = {isa = PBXBuildFile; fileRef = EDF0704A2E45771D00355AF2 /* AppDelegate+SDWebImage.swift */; };
		EDFA85AC2E5F7AD7008C5417 /* PexelNetworking in Frameworks */ = {isa = PBXBuildFile; productRef = EDFA85AB2E5F7AD7008C5417 /* PexelNetworking */; };
		EDFA85B22E68A1F7008C5417 /* FeedViewModel.swift in Sources */ = {isa = PBXBuildFile; fileRef = EDFA85B12E68A1F7008C5417 /* FeedViewModel.swift */; };
/* End PBXBuildFile section */

/* Begin PBXCopyFilesBuildPhase section */
		ED2A982E2C52FB4800FFF19F /* Embed Frameworks */ = {
			isa = PBXCopyFilesBuildPhase;
			buildActionMask = 2147483647;
			dstPath = "";
			dstSubfolderSpec = 10;
			files = (
			);
			name = "Embed Frameworks";
			runOnlyForDeploymentPostprocessing = 0;
		};
/* End PBXCopyFilesBuildPhase section */

/* Begin PBXFileReference section */
		ED2A97D62C52F51E00FFF19F /* BTPexel.app */ = {isa = PBXFileReference; explicitFileType = wrapper.application; includeInIndex = 0; path = BTPexel.app; sourceTree = BUILT_PRODUCTS_DIR; };
		ED2A97D92C52F51E00FFF19F /* AppDelegate.swift */ = {isa = PBXFileReference; lastKnownFileType = sourcecode.swift; path = AppDelegate.swift; sourceTree = "<group>"; };
		ED2A97DB2C52F51E00FFF19F /* SceneDelegate.swift */ = {isa = PBXFileReference; lastKnownFileType = sourcecode.swift; path = SceneDelegate.swift; sourceTree = "<group>"; };
		ED2A97DD2C52F51E00FFF19F /* PhotosListViewController.swift */ = {isa = PBXFileReference; lastKnownFileType = sourcecode.swift; path = PhotosListViewController.swift; sourceTree = "<group>"; };
		ED2A97E02C52F51E00FFF19F /* Base */ = {isa = PBXFileReference; lastKnownFileType = file.storyboard; name = Base; path = Base.lproj/PhotoList.storyboard; sourceTree = "<group>"; };
		ED2A97E22C52F51F00FFF19F /* Assets.xcassets */ = {isa = PBXFileReference; lastKnownFileType = folder.assetcatalog; path = Assets.xcassets; sourceTree = "<group>"; };
		ED2A97E52C52F51F00FFF19F /* Base */ = {isa = PBXFileReference; lastKnownFileType = file.storyboard; name = Base; path = Base.lproj/LaunchScreen.storyboard; sourceTree = "<group>"; };
		ED2A97E72C52F51F00FFF19F /* Info.plist */ = {isa = PBXFileReference; lastKnownFileType = text.plist.xml; path = Info.plist; sourceTree = "<group>"; };
		ED2A980C2C52F7A100FFF19F /* PhotoCell.xib */ = {isa = PBXFileReference; lastKnownFileType = file.xib; path = PhotoCell.xib; sourceTree = "<group>"; };
		ED2A980E2C52F90600FFF19F /* PhotoCell.swift */ = {isa = PBXFileReference; lastKnownFileType = sourcecode.swift; path = PhotoCell.swift; sourceTree = "<group>"; };
		ED2A986A2C583D5D00FFF19F /* PhotoDetailViewController.swift */ = {isa = PBXFileReference; lastKnownFileType = sourcecode.swift; path = PhotoDetailViewController.swift; sourceTree = "<group>"; };
		ED2A986C2C583D7800FFF19F /* PhotoDetail.storyboard */ = {isa = PBXFileReference; lastKnownFileType = file.storyboard; path = PhotoDetail.storyboard; sourceTree = "<group>"; };
		ED8293402E6A0075000E8016 /* AppDelegate+Support.swift */ = {isa = PBXFileReference; lastKnownFileType = sourcecode.swift; path = "AppDelegate+Support.swift"; sourceTree = "<group>"; };
		EDE5A46D2C5955DA00D32FBC /* ShadowView.swift */ = {isa = PBXFileReference; lastKnownFileType = sourcecode.swift; path = ShadowView.swift; sourceTree = "<group>"; };
		EDF0704A2E45771D00355AF2 /* AppDelegate+SDWebImage.swift */ = {isa = PBXFileReference; lastKnownFileType = sourcecode.swift; path = "AppDelegate+SDWebImage.swift"; sourceTree = "<group>"; };
		EDFA85B12E68A1F7008C5417 /* FeedViewModel.swift */ = {isa = PBXFileReference; lastKnownFileType = sourcecode.swift; path = FeedViewModel.swift; sourceTree = "<group>"; };
/* End PBXFileReference section */

/* Begin PBXFrameworksBuildPhase section */
		ED2A97D32C52F51E00FFF19F /* Frameworks */ = {
			isa = PBXFrameworksBuildPhase;
			buildActionMask = 2147483647;
			files = (
				ED8AC36C2E4EA1DC0045AA9D /* PexelDomain in Frameworks */,
				EDFA85AC2E5F7AD7008C5417 /* PexelNetworking in Frameworks */,
				ED2A98692C58370000FFF19F /* SDWebImage in Frameworks */,
			);
			runOnlyForDeploymentPostprocessing = 0;
		};
/* End PBXFrameworksBuildPhase section */

/* Begin PBXGroup section */
		ED2A97CD2C52F51E00FFF19F = {
			isa = PBXGroup;
			children = (
				ED2A97D82C52F51E00FFF19F /* BTPexel */,
				ED2A97D72C52F51E00FFF19F /* Products */,
				ED2A98672C58370000FFF19F /* Frameworks */,
			);
			sourceTree = "<group>";
		};
		ED2A97D72C52F51E00FFF19F /* Products */ = {
			isa = PBXGroup;
			children = (
				ED2A97D62C52F51E00FFF19F /* BTPexel.app */,
			);
			name = Products;
			sourceTree = "<group>";
		};
		ED2A97D82C52F51E00FFF19F /* BTPexel */ = {
			isa = PBXGroup;
			children = (
				ED8293422E6A00B7000E8016 /* AppDelegate */,
				EDFA85B02E68A1EE008C5417 /* ViewModel */,
				ED2A98092C52F6F800FFF19F /* View */,
				ED2A980B2C52F70700FFF19F /* Controllers */,
				ED2A980A2C52F6FF00FFF19F /* Storyboards */,
				ED2A97E22C52F51F00FFF19F /* Assets.xcassets */,
				ED2A97E72C52F51F00FFF19F /* Info.plist */,
			);
			path = BTPexel;
			sourceTree = "<group>";
		};
		ED2A98092C52F6F800FFF19F /* View */ = {
			isa = PBXGroup;
			children = (
				EDE5A46C2C5955CC00D32FBC /* PhotoCell */,
				EDE5A46D2C5955DA00D32FBC /* ShadowView.swift */,
			);
			path = View;
			sourceTree = "<group>";
		};
		ED2A980A2C52F6FF00FFF19F /* Storyboards */ = {
			isa = PBXGroup;
			children = (
				ED2A97DF2C52F51E00FFF19F /* PhotoList.storyboard */,
				ED2A986C2C583D7800FFF19F /* PhotoDetail.storyboard */,
				ED2A97E42C52F51F00FFF19F /* LaunchScreen.storyboard */,
			);
			path = Storyboards;
			sourceTree = "<group>";
		};
		ED2A980B2C52F70700FFF19F /* Controllers */ = {
			isa = PBXGroup;
			children = (
				ED2A97DD2C52F51E00FFF19F /* PhotosListViewController.swift */,
				ED2A986A2C583D5D00FFF19F /* PhotoDetailViewController.swift */,
			);
			path = Controllers;
			sourceTree = "<group>";
		};
		ED2A98672C58370000FFF19F /* Frameworks */ = {
			isa = PBXGroup;
			children = (
			);
			name = Frameworks;
			sourceTree = "<group>";
		};
		ED8293422E6A00B7000E8016 /* AppDelegate */ = {
			isa = PBXGroup;
			children = (
				EDF0704A2E45771D00355AF2 /* AppDelegate+SDWebImage.swift */,
				ED8293402E6A0075000E8016 /* AppDelegate+Support.swift */,
				ED2A97D92C52F51E00FFF19F /* AppDelegate.swift */,
				ED2A97DB2C52F51E00FFF19F /* SceneDelegate.swift */,
			);
			path = AppDelegate;
			sourceTree = "<group>";
		};
		EDE5A46C2C5955CC00D32FBC /* PhotoCell */ = {
			isa = PBXGroup;
			children = (
				ED2A980C2C52F7A100FFF19F /* PhotoCell.xib */,
				ED2A980E2C52F90600FFF19F /* PhotoCell.swift */,
			);
			path = PhotoCell;
			sourceTree = "<group>";
		};
		EDFA85B02E68A1EE008C5417 /* ViewModel */ = {
			isa = PBXGroup;
			children = (
				EDFA85B12E68A1F7008C5417 /* FeedViewModel.swift */,
			);
			path = ViewModel;
			sourceTree = "<group>";
		};
/* End PBXGroup section */

/* Begin PBXNativeTarget section */
		ED2A97D52C52F51E00FFF19F /* BTPexel */ = {
			isa = PBXNativeTarget;
			buildConfigurationList = ED2A98002C52F51F00FFF19F /* Build configuration list for PBXNativeTarget "BTPexel" */;
			buildPhases = (
				ED2A97D22C52F51E00FFF19F /* Sources */,
				ED2A97D32C52F51E00FFF19F /* Frameworks */,
				ED2A97D42C52F51E00FFF19F /* Resources */,
				ED2A982E2C52FB4800FFF19F /* Embed Frameworks */,
			);
			buildRules = (
			);
			dependencies = (
			);
			name = BTPexel;
			packageProductDependencies = (
				ED2A98682C58370000FFF19F /* SDWebImage */,
				ED8AC36B2E4EA1DC0045AA9D /* PexelDomain */,
				EDFA85AB2E5F7AD7008C5417 /* PexelNetworking */,
				EDFA85AE2E5F7B07008C5417 /* PexelNetworking */,
			);
			productName = BTPexel;
			productReference = ED2A97D62C52F51E00FFF19F /* BTPexel.app */;
			productType = "com.apple.product-type.application";
		};
/* End PBXNativeTarget section */

/* Begin PBXProject section */
		ED2A97CE2C52F51E00FFF19F /* Project object */ = {
			isa = PBXProject;
			attributes = {
				BuildIndependentTargetsInParallel = 1;
				LastSwiftUpdateCheck = 1540;
				LastUpgradeCheck = 1540;
				TargetAttributes = {
					ED2A97D52C52F51E00FFF19F = {
						CreatedOnToolsVersion = 15.4;
					};
				};
			};
			buildConfigurationList = ED2A97D12C52F51E00FFF19F /* Build configuration list for PBXProject "BTPexel" */;
			compatibilityVersion = "Xcode 14.0";
			developmentRegion = en;
			hasScannedForEncodings = 0;
			knownRegions = (
				en,
				Base,
			);
			mainGroup = ED2A97CD2C52F51E00FFF19F;
			packageReferences = (
				ED2A98662C5836EF00FFF19F /* XCRemoteSwiftPackageReference "SDWebImage" */,
				ED8AC36A2E4EA1DC0045AA9D /* XCLocalSwiftPackageReference "SPM/PexelDomain" */,
				EDFA85AD2E5F7B07008C5417 /* XCLocalSwiftPackageReference "SPM/PexelNetworking" */,
			);
			productRefGroup = ED2A97D72C52F51E00FFF19F /* Products */;
			projectDirPath = "";
			projectRoot = "";
			targets = (
				ED2A97D52C52F51E00FFF19F /* BTPexel */,
			);
		};
/* End PBXProject section */

/* Begin PBXResourcesBuildPhase section */
		ED2A97D42C52F51E00FFF19F /* Resources */ = {
			isa = PBXResourcesBuildPhase;
			buildActionMask = 2147483647;
			files = (
				ED2A986D2C583D7800FFF19F /* PhotoDetail.storyboard in Resources */,
				ED2A980D2C52F7A100FFF19F /* PhotoCell.xib in Resources */,
				ED2A97E32C52F51F00FFF19F /* Assets.xcassets in Resources */,
				ED2A97E62C52F51F00FFF19F /* Base in Resources */,
				ED2A97E12C52F51E00FFF19F /* Base in Resources */,
			);
			runOnlyForDeploymentPostprocessing = 0;
		};
/* End PBXResourcesBuildPhase section */

/* Begin PBXSourcesBuildPhase section */
		ED2A97D22C52F51E00FFF19F /* Sources */ = {
			isa = PBXSourcesBuildPhase;
			buildActionMask = 2147483647;
			files = (
				EDF0704B2E45772A00355AF2 /* AppDelegate+SDWebImage.swift in Sources */,
				EDE5A46E2C5955DA00D32FBC /* ShadowView.swift in Sources */,
				ED2A980F2C52F90600FFF19F /* PhotoCell.swift in Sources */,
				ED2A97DE2C52F51E00FFF19F /* PhotosListViewController.swift in Sources */,
				ED2A97DA2C52F51E00FFF19F /* AppDelegate.swift in Sources */,
				ED2A986B2C583D5D00FFF19F /* PhotoDetailViewController.swift in Sources */,
				ED2A97DC2C52F51E00FFF19F /* SceneDelegate.swift in Sources */,
				ED8293412E6A0075000E8016 /* AppDelegate+Support.swift in Sources */,
				EDFA85B22E68A1F7008C5417 /* FeedViewModel.swift in Sources */,
			);
			runOnlyForDeploymentPostprocessing = 0;
		};
/* End PBXSourcesBuildPhase section */

/* Begin PBXVariantGroup section */
		ED2A97DF2C52F51E00FFF19F /* PhotoList.storyboard */ = {
			isa = PBXVariantGroup;
			children = (
				ED2A97E02C52F51E00FFF19F /* Base */,
			);
			name = PhotoList.storyboard;
			sourceTree = "<group>";
		};
		ED2A97E42C52F51F00FFF19F /* LaunchScreen.storyboard */ = {
			isa = PBXVariantGroup;
			children = (
				ED2A97E52C52F51F00FFF19F /* Base */,
			);
			name = LaunchScreen.storyboard;
			sourceTree = "<group>";
		};
/* End PBXVariantGroup section */

/* Begin XCBuildConfiguration section */
		ED2A97FE2C52F51F00FFF19F /* Debug */ = {
			isa = XCBuildConfiguration;
			buildSettings = {
				ALWAYS_SEARCH_USER_PATHS = NO;
				ASSETCATALOG_COMPILER_GENERATE_SWIFT_ASSET_SYMBOL_EXTENSIONS = YES;
				CLANG_ANALYZER_NONNULL = YES;
				CLANG_ANALYZER_NUMBER_OBJECT_CONVERSION = YES_AGGRESSIVE;
				CLANG_CXX_LANGUAGE_STANDARD = "gnu++20";
				CLANG_ENABLE_MODULES = YES;
				CLANG_ENABLE_OBJC_ARC = YES;
				CLANG_ENABLE_OBJC_WEAK = YES;
				CLANG_WARN_BLOCK_CAPTURE_AUTORELEASING = YES;
				CLANG_WARN_BOOL_CONVERSION = YES;
				CLANG_WARN_COMMA = YES;
				CLANG_WARN_CONSTANT_CONVERSION = YES;
				CLANG_WARN_DEPRECATED_OBJC_IMPLEMENTATIONS = YES;
				CLANG_WARN_DIRECT_OBJC_ISA_USAGE = YES_ERROR;
				CLANG_WARN_DOCUMENTATION_COMMENTS = YES;
				CLANG_WARN_EMPTY_BODY = YES;
				CLANG_WARN_ENUM_CONVERSION = YES;
				CLANG_WARN_INFINITE_RECURSION = YES;
				CLANG_WARN_INT_CONVERSION = YES;
				CLANG_WARN_NON_LITERAL_NULL_CONVERSION = YES;
				CLANG_WARN_OBJC_IMPLICIT_RETAIN_SELF = YES;
				CLANG_WARN_OBJC_LITERAL_CONVERSION = YES;
				CLANG_WARN_OBJC_ROOT_CLASS = YES_ERROR;
				CLANG_WARN_QUOTED_INCLUDE_IN_FRAMEWORK_HEADER = YES;
				CLANG_WARN_RANGE_LOOP_ANALYSIS = YES;
				CLANG_WARN_STRICT_PROTOTYPES = YES;
				CLANG_WARN_SUSPICIOUS_MOVE = YES;
				CLANG_WARN_UNGUARDED_AVAILABILITY = YES_AGGRESSIVE;
				CLANG_WARN_UNREACHABLE_CODE = YES;
				CLANG_WARN__DUPLICATE_METHOD_MATCH = YES;
				COPY_PHASE_STRIP = NO;
				DEBUG_INFORMATION_FORMAT = dwarf;
				ENABLE_STRICT_OBJC_MSGSEND = YES;
				ENABLE_TESTABILITY = YES;
				ENABLE_USER_SCRIPT_SANDBOXING = YES;
				GCC_C_LANGUAGE_STANDARD = gnu17;
				GCC_DYNAMIC_NO_PIC = NO;
				GCC_NO_COMMON_BLOCKS = YES;
				GCC_OPTIMIZATION_LEVEL = 0;
				GCC_PREPROCESSOR_DEFINITIONS = (
					"DEBUG=1",
					"$(inherited)",
				);
				GCC_WARN_64_TO_32_BIT_CONVERSION = YES;
				GCC_WARN_ABOUT_RETURN_TYPE = YES_ERROR;
				GCC_WARN_UNDECLARED_SELECTOR = YES;
				GCC_WARN_UNINITIALIZED_AUTOS = YES_AGGRESSIVE;
				GCC_WARN_UNUSED_FUNCTION = YES;
				GCC_WARN_UNUSED_VARIABLE = YES;
				IPHONEOS_DEPLOYMENT_TARGET = 17.5;
				LOCALIZATION_PREFERS_STRING_CATALOGS = YES;
				MTL_ENABLE_DEBUG_INFO = INCLUDE_SOURCE;
				MTL_FAST_MATH = YES;
				ONLY_ACTIVE_ARCH = YES;
				SDKROOT = iphoneos;
				SWIFT_ACTIVE_COMPILATION_CONDITIONS = "DEBUG $(inherited)";
				SWIFT_OPTIMIZATION_LEVEL = "-Onone";
			};
			name = Debug;
		};
		ED2A97FF2C52F51F00FFF19F /* Release */ = {
			isa = XCBuildConfiguration;
			buildSettings = {
				ALWAYS_SEARCH_USER_PATHS = NO;
				ASSETCATALOG_COMPILER_GENERATE_SWIFT_ASSET_SYMBOL_EXTENSIONS = YES;
				CLANG_ANALYZER_NONNULL = YES;
				CLANG_ANALYZER_NUMBER_OBJECT_CONVERSION = YES_AGGRESSIVE;
				CLANG_CXX_LANGUAGE_STANDARD = "gnu++20";
				CLANG_ENABLE_MODULES = YES;
				CLANG_ENABLE_OBJC_ARC = YES;
				CLANG_ENABLE_OBJC_WEAK = YES;
				CLANG_WARN_BLOCK_CAPTURE_AUTORELEASING = YES;
				CLANG_WARN_BOOL_CONVERSION = YES;
				CLANG_WARN_COMMA = YES;
				CLANG_WARN_CONSTANT_CONVERSION = YES;
				CLANG_WARN_DEPRECATED_OBJC_IMPLEMENTATIONS = YES;
				CLANG_WARN_DIRECT_OBJC_ISA_USAGE = YES_ERROR;
				CLANG_WARN_DOCUMENTATION_COMMENTS = YES;
				CLANG_WARN_EMPTY_BODY = YES;
				CLANG_WARN_ENUM_CONVERSION = YES;
				CLANG_WARN_INFINITE_RECURSION = YES;
				CLANG_WARN_INT_CONVERSION = YES;
				CLANG_WARN_NON_LITERAL_NULL_CONVERSION = YES;
				CLANG_WARN_OBJC_IMPLICIT_RETAIN_SELF = YES;
				CLANG_WARN_OBJC_LITERAL_CONVERSION = YES;
				CLANG_WARN_OBJC_ROOT_CLASS = YES_ERROR;
				CLANG_WARN_QUOTED_INCLUDE_IN_FRAMEWORK_HEADER = YES;
				CLANG_WARN_RANGE_LOOP_ANALYSIS = YES;
				CLANG_WARN_STRICT_PROTOTYPES = YES;
				CLANG_WARN_SUSPICIOUS_MOVE = YES;
				CLANG_WARN_UNGUARDED_AVAILABILITY = YES_AGGRESSIVE;
				CLANG_WARN_UNREACHABLE_CODE = YES;
				CLANG_WARN__DUPLICATE_METHOD_MATCH = YES;
				COPY_PHASE_STRIP = NO;
				DEBUG_INFORMATION_FORMAT = "dwarf-with-dsym";
				ENABLE_NS_ASSERTIONS = NO;
				ENABLE_STRICT_OBJC_MSGSEND = YES;
				ENABLE_USER_SCRIPT_SANDBOXING = YES;
				GCC_C_LANGUAGE_STANDARD = gnu17;
				GCC_NO_COMMON_BLOCKS = YES;
				GCC_WARN_64_TO_32_BIT_CONVERSION = YES;
				GCC_WARN_ABOUT_RETURN_TYPE = YES_ERROR;
				GCC_WARN_UNDECLARED_SELECTOR = YES;
				GCC_WARN_UNINITIALIZED_AUTOS = YES_AGGRESSIVE;
				GCC_WARN_UNUSED_FUNCTION = YES;
				GCC_WARN_UNUSED_VARIABLE = YES;
				IPHONEOS_DEPLOYMENT_TARGET = 17.5;
				LOCALIZATION_PREFERS_STRING_CATALOGS = YES;
				MTL_ENABLE_DEBUG_INFO = NO;
				MTL_FAST_MATH = YES;
				SDKROOT = iphoneos;
				SWIFT_COMPILATION_MODE = wholemodule;
				VALIDATE_PRODUCT = YES;
			};
			name = Release;
		};
		ED2A98012C52F51F00FFF19F /* Debug */ = {
			isa = XCBuildConfiguration;
			buildSettings = {
				ASSETCATALOG_COMPILER_APPICON_NAME = AppIcon;
				ASSETCATALOG_COMPILER_GLOBAL_ACCENT_COLOR_NAME = AccentColor;
				CODE_SIGN_STYLE = Automatic;
				CURRENT_PROJECT_VERSION = 1;
				DEVELOPMENT_TEAM = HR4X3C4SGL;
				GENERATE_INFOPLIST_FILE = YES;
				INFOPLIST_FILE = BTPexel/Info.plist;
				INFOPLIST_KEY_UIApplicationSupportsIndirectInputEvents = YES;
				INFOPLIST_KEY_UILaunchStoryboardName = LaunchScreen;
				INFOPLIST_KEY_UIMainStoryboardFile = PhotoList;
				INFOPLIST_KEY_UISupportedInterfaceOrientations_iPad = "UIInterfaceOrientationPortrait UIInterfaceOrientationPortraitUpsideDown UIInterfaceOrientationLandscapeLeft UIInterfaceOrientationLandscapeRight";
				INFOPLIST_KEY_UISupportedInterfaceOrientations_iPhone = "UIInterfaceOrientationPortrait UIInterfaceOrientationLandscapeLeft UIInterfaceOrientationLandscapeRight";
				LD_RUNPATH_SEARCH_PATHS = (
					"$(inherited)",
					"@executable_path/Frameworks",
				);
				MARKETING_VERSION = 1.0;
				PRODUCT_BUNDLE_IDENTIFIER = com.IliaBaudin.BTPexel;
				PRODUCT_NAME = "$(TARGET_NAME)";
				SUPPORTED_PLATFORMS = "iphoneos iphonesimulator";
				SUPPORTS_MACCATALYST = NO;
				SUPPORTS_MAC_DESIGNED_FOR_IPHONE_IPAD = NO;
				SUPPORTS_XR_DESIGNED_FOR_IPHONE_IPAD = NO;
				SWIFT_EMIT_LOC_STRINGS = YES;
				SWIFT_VERSION = 5.0;
				TARGETED_DEVICE_FAMILY = "1,2";
			};
			name = Debug;
		};
		ED2A98022C52F51F00FFF19F /* Release */ = {
			isa = XCBuildConfiguration;
			buildSettings = {
				ASSETCATALOG_COMPILER_APPICON_NAME = AppIcon;
				ASSETCATALOG_COMPILER_GLOBAL_ACCENT_COLOR_NAME = AccentColor;
				CODE_SIGN_STYLE = Automatic;
				CURRENT_PROJECT_VERSION = 1;
				DEVELOPMENT_TEAM = HR4X3C4SGL;
				GENERATE_INFOPLIST_FILE = YES;
				INFOPLIST_FILE = BTPexel/Info.plist;
				INFOPLIST_KEY_UIApplicationSupportsIndirectInputEvents = YES;
				INFOPLIST_KEY_UILaunchStoryboardName = LaunchScreen;
				INFOPLIST_KEY_UIMainStoryboardFile = PhotoList;
				INFOPLIST_KEY_UISupportedInterfaceOrientations_iPad = "UIInterfaceOrientationPortrait UIInterfaceOrientationPortraitUpsideDown UIInterfaceOrientationLandscapeLeft UIInterfaceOrientationLandscapeRight";
				INFOPLIST_KEY_UISupportedInterfaceOrientations_iPhone = "UIInterfaceOrientationPortrait UIInterfaceOrientationLandscapeLeft UIInterfaceOrientationLandscapeRight";
				LD_RUNPATH_SEARCH_PATHS = (
					"$(inherited)",
					"@executable_path/Frameworks",
				);
				MARKETING_VERSION = 1.0;
				PRODUCT_BUNDLE_IDENTIFIER = com.IliaBaudin.BTPexel;
				PRODUCT_NAME = "$(TARGET_NAME)";
				SUPPORTED_PLATFORMS = "iphoneos iphonesimulator";
				SUPPORTS_MACCATALYST = NO;
				SUPPORTS_MAC_DESIGNED_FOR_IPHONE_IPAD = NO;
				SUPPORTS_XR_DESIGNED_FOR_IPHONE_IPAD = NO;
				SWIFT_EMIT_LOC_STRINGS = YES;
				SWIFT_VERSION = 5.0;
				TARGETED_DEVICE_FAMILY = "1,2";
			};
			name = Release;
		};
/* End XCBuildConfiguration section */

/* Begin XCConfigurationList section */
		ED2A97D12C52F51E00FFF19F /* Build configuration list for PBXProject "BTPexel" */ = {
			isa = XCConfigurationList;
			buildConfigurations = (
				ED2A97FE2C52F51F00FFF19F /* Debug */,
				ED2A97FF2C52F51F00FFF19F /* Release */,
			);
			defaultConfigurationIsVisible = 0;
			defaultConfigurationName = Release;
		};
		ED2A98002C52F51F00FFF19F /* Build configuration list for PBXNativeTarget "BTPexel" */ = {
			isa = XCConfigurationList;
			buildConfigurations = (
				ED2A98012C52F51F00FFF19F /* Debug */,
				ED2A98022C52F51F00FFF19F /* Release */,
			);
			defaultConfigurationIsVisible = 0;
			defaultConfigurationName = Release;
		};
/* End XCConfigurationList section */

/* Begin XCLocalSwiftPackageReference section */
		ED8AC36A2E4EA1DC0045AA9D /* XCLocalSwiftPackageReference "SPM/PexelDomain" */ = {
			isa = XCLocalSwiftPackageReference;
			relativePath = SPM/PexelDomain;
		};
		EDFA85AD2E5F7B07008C5417 /* XCLocalSwiftPackageReference "SPM/PexelNetworking" */ = {
			isa = XCLocalSwiftPackageReference;
			relativePath = SPM/PexelNetworking;
		};
/* End XCLocalSwiftPackageReference section */

/* Begin XCRemoteSwiftPackageReference section */
		ED2A98662C5836EF00FFF19F /* XCRemoteSwiftPackageReference "SDWebImage" */ = {
			isa = XCRemoteSwiftPackageReference;
			repositoryURL = "https://github.com/SDWebImage/SDWebImage.git";
			requirement = {
				kind = exactVersion;
				version = 5.19.5;
			};
		};
/* End XCRemoteSwiftPackageReference section */

/* Begin XCSwiftPackageProductDependency section */
		ED2A98682C58370000FFF19F /* SDWebImage */ = {
			isa = XCSwiftPackageProductDependency;
			package = ED2A98662C5836EF00FFF19F /* XCRemoteSwiftPackageReference "SDWebImage" */;
			productName = SDWebImage;
		};
		ED8AC36B2E4EA1DC0045AA9D /* PexelDomain */ = {
			isa = XCSwiftPackageProductDependency;
			productName = PexelDomain;
		};
		EDFA85AB2E5F7AD7008C5417 /* PexelNetworking */ = {
			isa = XCSwiftPackageProductDependency;
			productName = PexelNetworking;
		};
		EDFA85AE2E5F7B07008C5417 /* PexelNetworking */ = {
			isa = XCSwiftPackageProductDependency;
			productName = PexelNetworking;
		};
/* End XCSwiftPackageProductDependency section */
	};
	rootObject = ED2A97CE2C52F51E00FFF19F /* Project object */;
}
